
Microsoft Visual Studio Solution File, Format Version 12.00
# Visual Studio Version 16
VisualStudioVersion = 16.0.29503.13
MinimumVisualStudioVersion = 10.0.40219.1
Project("{9A19103F-16F7-4668-BE54-9A1E7A4F7556}") = "01_", "01_\01_.csproj", "{1DA11648-EDA5-4F75-9D5C-CDA2B4B058F2}"
EndProject
Project("{9A19103F-16F7-4668-BE54-9A1E7A4F7556}") = "02_", "02_\02_.csproj", "{2567FDC3-C4D9-4A4C-8D13-1C0FE67495C0}"
EndProject
Project("{9A19103F-16F7-4668-BE54-9A1E7A4F7556}") = "Christmas", "03_\Christmas.csproj", "{F54A0FBE-5880-41A2-BFFA-FF24F0488B04}"
EndProject
Global
	GlobalSection(SolutionConfigurationPlatforms) = preSolution
		Debug|Any CPU = Debug|Any CPU
		Release|Any CPU = Release|Any CPU
	EndGlobalSection
	GlobalSection(ProjectConfigurationPlatforms) = postSolution
		{1DA11648-EDA5-4F75-9D5C-CDA2B4B058F2}.Debug|Any CPU.ActiveCfg = Debug|Any CPU
		{1DA11648-EDA5-4F75-9D5C-CDA2B4B058F2}.Debug|Any CPU.Build.0 = Debug|Any CPU
		{1DA11648-EDA5-4F75-9D5C-CDA2B4B058F2}.Release|Any CPU.ActiveCfg = Release|Any CPU
		{1DA11648-EDA5-4F75-9D5C-CDA2B4B058F2}.Release|Any CPU.Build.0 = Release|Any CPU
		{2567FDC3-C4D9-4A4C-8D13-1C0FE67495C0}.Debug|Any CPU.ActiveCfg = Debug|Any CPU
		{2567FDC3-C4D9-4A4C-8D13-1C0FE67495C0}.Debug|Any CPU.Build.0 = Debug|Any CPU
		{2567FDC3-C4D9-4A4C-8D13-1C0FE67495C0}.Release|Any CPU.ActiveCfg = Release|Any CPU
		{2567FDC3-C4D9-4A4C-8D13-1C0FE67495C0}.Release|Any CPU.Build.0 = Release|Any CPU
		{F54A0FBE-5880-41A2-BFFA-FF24F0488B04}.Debug|Any CPU.ActiveCfg = Debug|Any CPU
		{F54A0FBE-5880-41A2-BFFA-FF24F0488B04}.Debug|Any CPU.Build.0 = Debug|Any CPU
		{F54A0FBE-5880-41A2-BFFA-FF24F0488B04}.Release|Any CPU.ActiveCfg = Release|Any CPU
		{F54A0FBE-5880-41A2-BFFA-FF24F0488B04}.Release|Any CPU.Build.0 = Release|Any CPU
	EndGlobalSection
	GlobalSection(SolutionProperties) = preSolution
		HideSolutionNode = FALSE
	EndGlobalSection
	GlobalSection(ExtensibilityGlobals) = postSolution
		SolutionGuid = {B7DC377A-058E-4B9E-87A2-40794D34CE8D}
	EndGlobalSection
EndGlobal
