
Microsoft Visual Studio Solution File, Format Version 12.00
# Visual Studio Version 16
VisualStudioVersion = 16.0.29503.13
MinimumVisualStudioVersion = 10.0.40219.1
Project("{9A19103F-16F7-4668-BE54-9A1E7A4F7556}") = "AnimalFarm", "AnimalFarm\AnimalFarm.csproj", "{9F3A2AD9-BD29-4728-B2DE-DF94C86E5B2B}"
EndProject
Project("{FAE04EC0-301F-11D3-BF4B-00C04F79EFBC}") = "ClassBoxData", "Box\ClassBoxData.csproj", "{3123D908-5FB5-446C-B23F-E1488C0430EE}"
EndProject
Project("{FAE04EC0-301F-11D3-BF4B-00C04F79EFBC}") = "ShoppingSpree", "ShoppingSpree\ShoppingSpree.csproj", "{86B046CC-A653-4FFA-BA0A-DEA1A75AF3CC}"
EndProject
Project("{FAE04EC0-301F-11D3-BF4B-00C04F79EFBC}") = "FootballTeamGenerator", "FootballTeamGenerator\FootballTeamGenerator.csproj", "{63D80D00-D27A-47C0-95AF-588A3F69B000}"
EndProject
Global
	GlobalSection(SolutionConfigurationPlatforms) = preSolution
		Debug|Any CPU = Debug|Any CPU
		Release|Any CPU = Release|Any CPU
	EndGlobalSection
	GlobalSection(ProjectConfigurationPlatforms) = postSolution
		{9F3A2AD9-BD29-4728-B2DE-DF94C86E5B2B}.Debug|Any CPU.ActiveCfg = Debug|Any CPU
		{9F3A2AD9-BD29-4728-B2DE-DF94C86E5B2B}.Debug|Any CPU.Build.0 = Debug|Any CPU
		{9F3A2AD9-BD29-4728-B2DE-DF94C86E5B2B}.Release|Any CPU.ActiveCfg = Release|Any CPU
		{9F3A2AD9-BD29-4728-B2DE-DF94C86E5B2B}.Release|Any CPU.Build.0 = Release|Any CPU
		{3123D908-5FB5-446C-B23F-E1488C0430EE}.Debug|Any CPU.ActiveCfg = Debug|Any CPU
		{3123D908-5FB5-446C-B23F-E1488C0430EE}.Debug|Any CPU.Build.0 = Debug|Any CPU
		{3123D908-5FB5-446C-B23F-E1488C0430EE}.Release|Any CPU.ActiveCfg = Release|Any CPU
		{3123D908-5FB5-446C-B23F-E1488C0430EE}.Release|Any CPU.Build.0 = Release|Any CPU
		{86B046CC-A653-4FFA-BA0A-DEA1A75AF3CC}.Debug|Any CPU.ActiveCfg = Debug|Any CPU
		{86B046CC-A653-4FFA-BA0A-DEA1A75AF3CC}.Debug|Any CPU.Build.0 = Debug|Any CPU
		{86B046CC-A653-4FFA-BA0A-DEA1A75AF3CC}.Release|Any CPU.ActiveCfg = Release|Any CPU
		{86B046CC-A653-4FFA-BA0A-DEA1A75AF3CC}.Release|Any CPU.Build.0 = Release|Any CPU
		{63D80D00-D27A-47C0-95AF-588A3F69B000}.Debug|Any CPU.ActiveCfg = Debug|Any CPU
		{63D80D00-D27A-47C0-95AF-588A3F69B000}.Debug|Any CPU.Build.0 = Debug|Any CPU
		{63D80D00-D27A-47C0-95AF-588A3F69B000}.Release|Any CPU.ActiveCfg = Release|Any CPU
		{63D80D00-D27A-47C0-95AF-588A3F69B000}.Release|Any CPU.Build.0 = Release|Any CPU
	EndGlobalSection
	GlobalSection(SolutionProperties) = preSolution
		HideSolutionNode = FALSE
	EndGlobalSection
	GlobalSection(ExtensibilityGlobals) = postSolution
		SolutionGuid = {16C6B5F8-9855-4B2E-9C91-D9E4C8A8FC04}
	EndGlobalSection
EndGlobal
