
Microsoft Visual Studio Solution File, Format Version 12.00
# Visual Studio Version 16
VisualStudioVersion = 16.0.29503.13
MinimumVisualStudioVersion = 10.0.40219.1
Project("{FAE04EC0-301F-11D3-BF4B-00C04F79EFBC}") = "Demo", "Demo\Demo.csproj", "{C50B1417-D34D-482A-B9CD-35021E8F2D67}"
EndProject
Project("{FAE04EC0-301F-11D3-BF4B-00C04F79EFBC}") = "01_SortEvenNumbers", "01_SortEvenNumbers\01_SortEvenNumbers.csproj", "{FC9218C2-7884-4070-8BDE-789723A2BE9B}"
EndProject
Project("{FAE04EC0-301F-11D3-BF4B-00C04F79EFBC}") = "02_SumNumbers", "02_SumNumbers\02_SumNumbers.csproj", "{34C058D3-F408-40D6-9461-3B689E96C622}"
EndProject
Project("{FAE04EC0-301F-11D3-BF4B-00C04F79EFBC}") = "03_CountUppercaseWords", "03_CountUppercaseWords\03_CountUppercaseWords.csproj", "{E157D5F3-B8BD-4826-ABD2-0E28491E1582}"
EndProject
Project("{FAE04EC0-301F-11D3-BF4B-00C04F79EFBC}") = "04_AddVAT", "04_AddVAT\04_AddVAT.csproj", "{8AB23F73-91AB-41F1-885F-D3403AA34F7E}"
EndProject
Project("{FAE04EC0-301F-11D3-BF4B-00C04F79EFBC}") = "05_FilterByAge", "05_FilterByAge\05_FilterByAge.csproj", "{00EE710A-1C85-4AB0-8B2C-366C8787EAB1}"
EndProject
Global
	GlobalSection(SolutionConfigurationPlatforms) = preSolution
		Debug|Any CPU = Debug|Any CPU
		Release|Any CPU = Release|Any CPU
	EndGlobalSection
	GlobalSection(ProjectConfigurationPlatforms) = postSolution
		{C50B1417-D34D-482A-B9CD-35021E8F2D67}.Debug|Any CPU.ActiveCfg = Debug|Any CPU
		{C50B1417-D34D-482A-B9CD-35021E8F2D67}.Debug|Any CPU.Build.0 = Debug|Any CPU
		{C50B1417-D34D-482A-B9CD-35021E8F2D67}.Release|Any CPU.ActiveCfg = Release|Any CPU
		{C50B1417-D34D-482A-B9CD-35021E8F2D67}.Release|Any CPU.Build.0 = Release|Any CPU
		{FC9218C2-7884-4070-8BDE-789723A2BE9B}.Debug|Any CPU.ActiveCfg = Debug|Any CPU
		{FC9218C2-7884-4070-8BDE-789723A2BE9B}.Debug|Any CPU.Build.0 = Debug|Any CPU
		{FC9218C2-7884-4070-8BDE-789723A2BE9B}.Release|Any CPU.ActiveCfg = Release|Any CPU
		{FC9218C2-7884-4070-8BDE-789723A2BE9B}.Release|Any CPU.Build.0 = Release|Any CPU
		{34C058D3-F408-40D6-9461-3B689E96C622}.Debug|Any CPU.ActiveCfg = Debug|Any CPU
		{34C058D3-F408-40D6-9461-3B689E96C622}.Debug|Any CPU.Build.0 = Debug|Any CPU
		{34C058D3-F408-40D6-9461-3B689E96C622}.Release|Any CPU.ActiveCfg = Release|Any CPU
		{34C058D3-F408-40D6-9461-3B689E96C622}.Release|Any CPU.Build.0 = Release|Any CPU
		{E157D5F3-B8BD-4826-ABD2-0E28491E1582}.Debug|Any CPU.ActiveCfg = Debug|Any CPU
		{E157D5F3-B8BD-4826-ABD2-0E28491E1582}.Debug|Any CPU.Build.0 = Debug|Any CPU
		{E157D5F3-B8BD-4826-ABD2-0E28491E1582}.Release|Any CPU.ActiveCfg = Release|Any CPU
		{E157D5F3-B8BD-4826-ABD2-0E28491E1582}.Release|Any CPU.Build.0 = Release|Any CPU
		{8AB23F73-91AB-41F1-885F-D3403AA34F7E}.Debug|Any CPU.ActiveCfg = Debug|Any CPU
		{8AB23F73-91AB-41F1-885F-D3403AA34F7E}.Debug|Any CPU.Build.0 = Debug|Any CPU
		{8AB23F73-91AB-41F1-885F-D3403AA34F7E}.Release|Any CPU.ActiveCfg = Release|Any CPU
		{8AB23F73-91AB-41F1-885F-D3403AA34F7E}.Release|Any CPU.Build.0 = Release|Any CPU
		{00EE710A-1C85-4AB0-8B2C-366C8787EAB1}.Debug|Any CPU.ActiveCfg = Debug|Any CPU
		{00EE710A-1C85-4AB0-8B2C-366C8787EAB1}.Debug|Any CPU.Build.0 = Debug|Any CPU
		{00EE710A-1C85-4AB0-8B2C-366C8787EAB1}.Release|Any CPU.ActiveCfg = Release|Any CPU
		{00EE710A-1C85-4AB0-8B2C-366C8787EAB1}.Release|Any CPU.Build.0 = Release|Any CPU
	EndGlobalSection
	GlobalSection(SolutionProperties) = preSolution
		HideSolutionNode = FALSE
	EndGlobalSection
	GlobalSection(ExtensibilityGlobals) = postSolution
		SolutionGuid = {A50B31D4-4C19-4957-BFCB-A3A2B7230F26}
	EndGlobalSection
EndGlobal
