
Microsoft Visual Studio Solution File, Format Version 12.00
# Visual Studio Version 16
VisualStudioVersion = 16.0.29403.142
MinimumVisualStudioVersion = 10.0.40219.1
Project("{FAE04EC0-301F-11D3-BF4B-00C04F79EFBC}") = "01_", "01_\01_.csproj", "{05D9A7FB-5555-40A1-92F3-02A2CE564B28}"
EndProject
Project("{FAE04EC0-301F-11D3-BF4B-00C04F79EFBC}") = "02_", "02_\02_.csproj", "{6F071293-F22E-40CD-86F0-14450269D897}"
EndProject
Project("{FAE04EC0-301F-11D3-BF4B-00C04F79EFBC}") = "03_", "03_\03_.csproj", "{7F3F61BC-9A57-428F-84BF-4D3FDB721641}"
EndProject
Global
	GlobalSection(SolutionConfigurationPlatforms) = preSolution
		Debug|Any CPU = Debug|Any CPU
		Release|Any CPU = Release|Any CPU
	EndGlobalSection
	GlobalSection(ProjectConfigurationPlatforms) = postSolution
		{05D9A7FB-5555-40A1-92F3-02A2CE564B28}.Debug|Any CPU.ActiveCfg = Debug|Any CPU
		{05D9A7FB-5555-40A1-92F3-02A2CE564B28}.Debug|Any CPU.Build.0 = Debug|Any CPU
		{05D9A7FB-5555-40A1-92F3-02A2CE564B28}.Release|Any CPU.ActiveCfg = Release|Any CPU
		{05D9A7FB-5555-40A1-92F3-02A2CE564B28}.Release|Any CPU.Build.0 = Release|Any CPU
		{6F071293-F22E-40CD-86F0-14450269D897}.Debug|Any CPU.ActiveCfg = Debug|Any CPU
		{6F071293-F22E-40CD-86F0-14450269D897}.Debug|Any CPU.Build.0 = Debug|Any CPU
		{6F071293-F22E-40CD-86F0-14450269D897}.Release|Any CPU.ActiveCfg = Release|Any CPU
		{6F071293-F22E-40CD-86F0-14450269D897}.Release|Any CPU.Build.0 = Release|Any CPU
		{7F3F61BC-9A57-428F-84BF-4D3FDB721641}.Debug|Any CPU.ActiveCfg = Debug|Any CPU
		{7F3F61BC-9A57-428F-84BF-4D3FDB721641}.Debug|Any CPU.Build.0 = Debug|Any CPU
		{7F3F61BC-9A57-428F-84BF-4D3FDB721641}.Release|Any CPU.ActiveCfg = Release|Any CPU
		{7F3F61BC-9A57-428F-84BF-4D3FDB721641}.Release|Any CPU.Build.0 = Release|Any CPU
	EndGlobalSection
	GlobalSection(SolutionProperties) = preSolution
		HideSolutionNode = FALSE
	EndGlobalSection
	GlobalSection(ExtensibilityGlobals) = postSolution
		SolutionGuid = {173A9A24-9ADF-42EF-B2A8-7975579BC41B}
	EndGlobalSection
EndGlobal
