
Microsoft Visual Studio Solution File, Format Version 12.00
# Visual Studio Version 16
VisualStudioVersion = 16.0.29503.13
MinimumVisualStudioVersion = 10.0.40219.1
Project("{FAE04EC0-301F-11D3-BF4B-00C04F79EFBC}") = "Demo", "Demo\Demo.csproj", "{1ADECF11-3214-42F8-84DF-508A80536739}"
EndProject
Global
	GlobalSection(SolutionConfigurationPlatforms) = preSolution
		Debug|Any CPU = Debug|Any CPU
		Release|Any CPU = Release|Any CPU
	EndGlobalSection
	GlobalSection(ProjectConfigurationPlatforms) = postSolution
		{1ADECF11-3214-42F8-84DF-508A80536739}.Debug|Any CPU.ActiveCfg = Debug|Any CPU
		{1ADECF11-3214-42F8-84DF-508A80536739}.Debug|Any CPU.Build.0 = Debug|Any CPU
		{1ADECF11-3214-42F8-84DF-508A80536739}.Release|Any CPU.ActiveCfg = Release|Any CPU
		{1ADECF11-3214-42F8-84DF-508A80536739}.Release|Any CPU.Build.0 = Release|Any CPU
	EndGlobalSection
	GlobalSection(SolutionProperties) = preSolution
		HideSolutionNode = FALSE
	EndGlobalSection
	GlobalSection(ExtensibilityGlobals) = postSolution
		SolutionGuid = {CE664D9C-C554-41E8-83E8-2D75348EE429}
	EndGlobalSection
EndGlobal
