
Microsoft Visual Studio Solution File, Format Version 12.00
# Visual Studio Version 16
VisualStudioVersion = 16.0.29503.13
MinimumVisualStudioVersion = 10.0.40219.1
Project("{9A19103F-16F7-4668-BE54-9A1E7A4F7556}") = "Demo", "Demo\Demo.csproj", "{707993B0-18FD-4A74-8758-B5ED42E66FB4}"
EndProject
Project("{FAE04EC0-301F-11D3-BF4B-00C04F79EFBC}") = "PersonsInfo", "PersonsInfo\PersonsInfo.csproj", "{95B27372-3CAF-45FC-8AA2-DB5C29F79FE9}"
EndProject
Global
	GlobalSection(SolutionConfigurationPlatforms) = preSolution
		Debug|Any CPU = Debug|Any CPU
		Release|Any CPU = Release|Any CPU
	EndGlobalSection
	GlobalSection(ProjectConfigurationPlatforms) = postSolution
		{707993B0-18FD-4A74-8758-B5ED42E66FB4}.Debug|Any CPU.ActiveCfg = Debug|Any CPU
		{707993B0-18FD-4A74-8758-B5ED42E66FB4}.Debug|Any CPU.Build.0 = Debug|Any CPU
		{707993B0-18FD-4A74-8758-B5ED42E66FB4}.Release|Any CPU.ActiveCfg = Release|Any CPU
		{707993B0-18FD-4A74-8758-B5ED42E66FB4}.Release|Any CPU.Build.0 = Release|Any CPU
		{95B27372-3CAF-45FC-8AA2-DB5C29F79FE9}.Debug|Any CPU.ActiveCfg = Debug|Any CPU
		{95B27372-3CAF-45FC-8AA2-DB5C29F79FE9}.Debug|Any CPU.Build.0 = Debug|Any CPU
		{95B27372-3CAF-45FC-8AA2-DB5C29F79FE9}.Release|Any CPU.ActiveCfg = Release|Any CPU
		{95B27372-3CAF-45FC-8AA2-DB5C29F79FE9}.Release|Any CPU.Build.0 = Release|Any CPU
	EndGlobalSection
	GlobalSection(SolutionProperties) = preSolution
		HideSolutionNode = FALSE
	EndGlobalSection
	GlobalSection(ExtensibilityGlobals) = postSolution
		SolutionGuid = {9FBC981A-1A73-431F-BB69-BE8A9F3C64F4}
	EndGlobalSection
EndGlobal
