
Microsoft Visual Studio Solution File, Format Version 12.00
# Visual Studio Version 16
VisualStudioVersion = 16.0.29503.13
MinimumVisualStudioVersion = 10.0.40219.1
Project("{FAE04EC0-301F-11D3-BF4B-00C04F79EFBC}") = "01_UniqueUsernames", "01_UniqueUsernames\01_UniqueUsernames.csproj", "{D936FEFF-E862-4BAE-8445-02D3EB32A165}"
EndProject
Global
	GlobalSection(SolutionConfigurationPlatforms) = preSolution
		Debug|Any CPU = Debug|Any CPU
		Release|Any CPU = Release|Any CPU
	EndGlobalSection
	GlobalSection(ProjectConfigurationPlatforms) = postSolution
		{D936FEFF-E862-4BAE-8445-02D3EB32A165}.Debug|Any CPU.ActiveCfg = Debug|Any CPU
		{D936FEFF-E862-4BAE-8445-02D3EB32A165}.Debug|Any CPU.Build.0 = Debug|Any CPU
		{D936FEFF-E862-4BAE-8445-02D3EB32A165}.Release|Any CPU.ActiveCfg = Release|Any CPU
		{D936FEFF-E862-4BAE-8445-02D3EB32A165}.Release|Any CPU.Build.0 = Release|Any CPU
	EndGlobalSection
	GlobalSection(SolutionProperties) = preSolution
		HideSolutionNode = FALSE
	EndGlobalSection
	GlobalSection(ExtensibilityGlobals) = postSolution
		SolutionGuid = {FE585868-9543-45B8-A937-50675685906E}
	EndGlobalSection
EndGlobal
