
Microsoft Visual Studio Solution File, Format Version 12.00
# Visual Studio Version 16
VisualStudioVersion = 16.0.29503.13
MinimumVisualStudioVersion = 10.0.40219.1
Project("{9A19103F-16F7-4668-BE54-9A1E7A4F7556}") = "01_", "01_\01_.csproj", "{9408DE6A-D6C0-43DD-B74E-FE1C90087ABD}"
EndProject
Project("{9A19103F-16F7-4668-BE54-9A1E7A4F7556}") = "02_CharacterMultiplier", "02_CharacterMultiplier\02_CharacterMultiplier.csproj", "{CC4F1417-A873-4A11-AEF5-4D7FD1D2EC2C}"
EndProject
Project("{9A19103F-16F7-4668-BE54-9A1E7A4F7556}") = "03_ExtractFile", "03_ExtractFile\03_ExtractFile.csproj", "{24AC153A-8E04-42AB-AA20-68C56C3FC1AA}"
EndProject
Project("{9A19103F-16F7-4668-BE54-9A1E7A4F7556}") = "04_CaesarCipher", "04_CaesarCipher\04_CaesarCipher.csproj", "{E4FE7D6D-46A8-48A0-91A8-AA18B51F2C98}"
EndProject
Project("{9A19103F-16F7-4668-BE54-9A1E7A4F7556}") = "05_MultiplyBigNumber", "05_MultiplyBigNumber\05_MultiplyBigNumber.csproj", "{33788779-9038-4FA5-86DE-C3A7A7B0F97A}"
EndProject
Project("{FAE04EC0-301F-11D3-BF4B-00C04F79EFBC}") = "06_ReplaceRepeatingChars", "06_ReplaceRepeatingChars\06_ReplaceRepeatingChars.csproj", "{BFA839A1-AA50-4481-87FC-C617999C438B}"
EndProject
Project("{FAE04EC0-301F-11D3-BF4B-00C04F79EFBC}") = "07_ StringExplosion", "07_ StringExplosion\07_ StringExplosion.csproj", "{2F94A479-DFCD-43D1-9E0F-CB4A0A55FF4D}"
EndProject
Global
	GlobalSection(SolutionConfigurationPlatforms) = preSolution
		Debug|Any CPU = Debug|Any CPU
		Release|Any CPU = Release|Any CPU
	EndGlobalSection
	GlobalSection(ProjectConfigurationPlatforms) = postSolution
		{9408DE6A-D6C0-43DD-B74E-FE1C90087ABD}.Debug|Any CPU.ActiveCfg = Debug|Any CPU
		{9408DE6A-D6C0-43DD-B74E-FE1C90087ABD}.Debug|Any CPU.Build.0 = Debug|Any CPU
		{9408DE6A-D6C0-43DD-B74E-FE1C90087ABD}.Release|Any CPU.ActiveCfg = Release|Any CPU
		{9408DE6A-D6C0-43DD-B74E-FE1C90087ABD}.Release|Any CPU.Build.0 = Release|Any CPU
		{CC4F1417-A873-4A11-AEF5-4D7FD1D2EC2C}.Debug|Any CPU.ActiveCfg = Debug|Any CPU
		{CC4F1417-A873-4A11-AEF5-4D7FD1D2EC2C}.Debug|Any CPU.Build.0 = Debug|Any CPU
		{CC4F1417-A873-4A11-AEF5-4D7FD1D2EC2C}.Release|Any CPU.ActiveCfg = Release|Any CPU
		{CC4F1417-A873-4A11-AEF5-4D7FD1D2EC2C}.Release|Any CPU.Build.0 = Release|Any CPU
		{24AC153A-8E04-42AB-AA20-68C56C3FC1AA}.Debug|Any CPU.ActiveCfg = Debug|Any CPU
		{24AC153A-8E04-42AB-AA20-68C56C3FC1AA}.Debug|Any CPU.Build.0 = Debug|Any CPU
		{24AC153A-8E04-42AB-AA20-68C56C3FC1AA}.Release|Any CPU.ActiveCfg = Release|Any CPU
		{24AC153A-8E04-42AB-AA20-68C56C3FC1AA}.Release|Any CPU.Build.0 = Release|Any CPU
		{E4FE7D6D-46A8-48A0-91A8-AA18B51F2C98}.Debug|Any CPU.ActiveCfg = Debug|Any CPU
		{E4FE7D6D-46A8-48A0-91A8-AA18B51F2C98}.Debug|Any CPU.Build.0 = Debug|Any CPU
		{E4FE7D6D-46A8-48A0-91A8-AA18B51F2C98}.Release|Any CPU.ActiveCfg = Release|Any CPU
		{E4FE7D6D-46A8-48A0-91A8-AA18B51F2C98}.Release|Any CPU.Build.0 = Release|Any CPU
		{33788779-9038-4FA5-86DE-C3A7A7B0F97A}.Debug|Any CPU.ActiveCfg = Debug|Any CPU
		{33788779-9038-4FA5-86DE-C3A7A7B0F97A}.Debug|Any CPU.Build.0 = Debug|Any CPU
		{33788779-9038-4FA5-86DE-C3A7A7B0F97A}.Release|Any CPU.ActiveCfg = Release|Any CPU
		{33788779-9038-4FA5-86DE-C3A7A7B0F97A}.Release|Any CPU.Build.0 = Release|Any CPU
		{BFA839A1-AA50-4481-87FC-C617999C438B}.Debug|Any CPU.ActiveCfg = Debug|Any CPU
		{BFA839A1-AA50-4481-87FC-C617999C438B}.Debug|Any CPU.Build.0 = Debug|Any CPU
		{BFA839A1-AA50-4481-87FC-C617999C438B}.Release|Any CPU.ActiveCfg = Release|Any CPU
		{BFA839A1-AA50-4481-87FC-C617999C438B}.Release|Any CPU.Build.0 = Release|Any CPU
		{2F94A479-DFCD-43D1-9E0F-CB4A0A55FF4D}.Debug|Any CPU.ActiveCfg = Debug|Any CPU
		{2F94A479-DFCD-43D1-9E0F-CB4A0A55FF4D}.Debug|Any CPU.Build.0 = Debug|Any CPU
		{2F94A479-DFCD-43D1-9E0F-CB4A0A55FF4D}.Release|Any CPU.ActiveCfg = Release|Any CPU
		{2F94A479-DFCD-43D1-9E0F-CB4A0A55FF4D}.Release|Any CPU.Build.0 = Release|Any CPU
	EndGlobalSection
	GlobalSection(SolutionProperties) = preSolution
		HideSolutionNode = FALSE
	EndGlobalSection
	GlobalSection(ExtensibilityGlobals) = postSolution
		SolutionGuid = {4839F03A-65A1-4075-88EE-9D78EF8EDB41}
	EndGlobalSection
EndGlobal
