
Microsoft Visual Studio Solution File, Format Version 12.00
# Visual Studio Version 16
VisualStudioVersion = 16.0.29503.13
MinimumVisualStudioVersion = 10.0.40219.1
Project("{FAE04EC0-301F-11D3-BF4B-00C04F79EFBC}") = "UnitTesting", "UnitTesting\UnitTesting.csproj", "{FC35EB62-192D-41A5-80BF-2E412CCEAE18}"
EndProject
Project("{FAE04EC0-301F-11D3-BF4B-00C04F79EFBC}") = "InitTesting", "InitTesting\InitTesting.csproj", "{542E932F-DA3F-4528-B81D-8A3262728BDD}"
EndProject
Project("{FAE04EC0-301F-11D3-BF4B-00C04F79EFBC}") = "UnitTestingWithNUnnit", "UnitTestingWithNUnnit\UnitTestingWithNUnnit.csproj", "{A7B266A0-70CE-4C9F-9C5C-C2703573550D}"
EndProject
Global
	GlobalSection(SolutionConfigurationPlatforms) = preSolution
		Debug|Any CPU = Debug|Any CPU
		Release|Any CPU = Release|Any CPU
	EndGlobalSection
	GlobalSection(ProjectConfigurationPlatforms) = postSolution
		{FC35EB62-192D-41A5-80BF-2E412CCEAE18}.Debug|Any CPU.ActiveCfg = Debug|Any CPU
		{FC35EB62-192D-41A5-80BF-2E412CCEAE18}.Debug|Any CPU.Build.0 = Debug|Any CPU
		{FC35EB62-192D-41A5-80BF-2E412CCEAE18}.Release|Any CPU.ActiveCfg = Release|Any CPU
		{FC35EB62-192D-41A5-80BF-2E412CCEAE18}.Release|Any CPU.Build.0 = Release|Any CPU
		{542E932F-DA3F-4528-B81D-8A3262728BDD}.Debug|Any CPU.ActiveCfg = Debug|Any CPU
		{542E932F-DA3F-4528-B81D-8A3262728BDD}.Debug|Any CPU.Build.0 = Debug|Any CPU
		{542E932F-DA3F-4528-B81D-8A3262728BDD}.Release|Any CPU.ActiveCfg = Release|Any CPU
		{542E932F-DA3F-4528-B81D-8A3262728BDD}.Release|Any CPU.Build.0 = Release|Any CPU
		{A7B266A0-70CE-4C9F-9C5C-C2703573550D}.Debug|Any CPU.ActiveCfg = Debug|Any CPU
		{A7B266A0-70CE-4C9F-9C5C-C2703573550D}.Debug|Any CPU.Build.0 = Debug|Any CPU
		{A7B266A0-70CE-4C9F-9C5C-C2703573550D}.Release|Any CPU.ActiveCfg = Release|Any CPU
		{A7B266A0-70CE-4C9F-9C5C-C2703573550D}.Release|Any CPU.Build.0 = Release|Any CPU
	EndGlobalSection
	GlobalSection(SolutionProperties) = preSolution
		HideSolutionNode = FALSE
	EndGlobalSection
	GlobalSection(ExtensibilityGlobals) = postSolution
		SolutionGuid = {20500D6B-835D-406D-B376-49DA8C4A4EE0}
	EndGlobalSection
EndGlobal
