
Microsoft Visual Studio Solution File, Format Version 12.00
# Visual Studio Version 16
VisualStudioVersion = 16.0.29503.13
MinimumVisualStudioVersion = 10.0.40219.1
Project("{FAE04EC0-301F-11D3-BF4B-00C04F79EFBC}") = "Farm", "Demo\Farm.csproj", "{B07511CC-73D9-46EB-8A4F-FF85A73595C6}"
EndProject
Project("{FAE04EC0-301F-11D3-BF4B-00C04F79EFBC}") = "MultipleInheritance", "MultipleInheritance\MultipleInheritance.csproj", "{555B88FD-E43A-480B-915F-7D746B31E8CC}"
EndProject
Project("{FAE04EC0-301F-11D3-BF4B-00C04F79EFBC}") = "HierarchicalInheritance", "HierarchicalInheritance\HierarchicalInheritance.csproj", "{9C9B9395-8939-4F42-8DE8-429BC189865C}"
EndProject
Project("{FAE04EC0-301F-11D3-BF4B-00C04F79EFBC}") = "RandomList", "RandomList\RandomList.csproj", "{E9EFB093-2F5F-4BCF-B6A3-10D305FB4B0D}"
EndProject
Project("{FAE04EC0-301F-11D3-BF4B-00C04F79EFBC}") = "CustomStack", "CustomStack\CustomStack.csproj", "{80CCF59F-55F7-4656-99AB-31CE33A2DB0F}"
EndProject
Global
	GlobalSection(SolutionConfigurationPlatforms) = preSolution
		Debug|Any CPU = Debug|Any CPU
		Release|Any CPU = Release|Any CPU
	EndGlobalSection
	GlobalSection(ProjectConfigurationPlatforms) = postSolution
		{B07511CC-73D9-46EB-8A4F-FF85A73595C6}.Debug|Any CPU.ActiveCfg = Debug|Any CPU
		{B07511CC-73D9-46EB-8A4F-FF85A73595C6}.Debug|Any CPU.Build.0 = Debug|Any CPU
		{B07511CC-73D9-46EB-8A4F-FF85A73595C6}.Release|Any CPU.ActiveCfg = Release|Any CPU
		{B07511CC-73D9-46EB-8A4F-FF85A73595C6}.Release|Any CPU.Build.0 = Release|Any CPU
		{555B88FD-E43A-480B-915F-7D746B31E8CC}.Debug|Any CPU.ActiveCfg = Debug|Any CPU
		{555B88FD-E43A-480B-915F-7D746B31E8CC}.Debug|Any CPU.Build.0 = Debug|Any CPU
		{555B88FD-E43A-480B-915F-7D746B31E8CC}.Release|Any CPU.ActiveCfg = Release|Any CPU
		{555B88FD-E43A-480B-915F-7D746B31E8CC}.Release|Any CPU.Build.0 = Release|Any CPU
		{9C9B9395-8939-4F42-8DE8-429BC189865C}.Debug|Any CPU.ActiveCfg = Debug|Any CPU
		{9C9B9395-8939-4F42-8DE8-429BC189865C}.Debug|Any CPU.Build.0 = Debug|Any CPU
		{9C9B9395-8939-4F42-8DE8-429BC189865C}.Release|Any CPU.ActiveCfg = Release|Any CPU
		{9C9B9395-8939-4F42-8DE8-429BC189865C}.Release|Any CPU.Build.0 = Release|Any CPU
		{E9EFB093-2F5F-4BCF-B6A3-10D305FB4B0D}.Debug|Any CPU.ActiveCfg = Debug|Any CPU
		{E9EFB093-2F5F-4BCF-B6A3-10D305FB4B0D}.Debug|Any CPU.Build.0 = Debug|Any CPU
		{E9EFB093-2F5F-4BCF-B6A3-10D305FB4B0D}.Release|Any CPU.ActiveCfg = Release|Any CPU
		{E9EFB093-2F5F-4BCF-B6A3-10D305FB4B0D}.Release|Any CPU.Build.0 = Release|Any CPU
		{80CCF59F-55F7-4656-99AB-31CE33A2DB0F}.Debug|Any CPU.ActiveCfg = Debug|Any CPU
		{80CCF59F-55F7-4656-99AB-31CE33A2DB0F}.Debug|Any CPU.Build.0 = Debug|Any CPU
		{80CCF59F-55F7-4656-99AB-31CE33A2DB0F}.Release|Any CPU.ActiveCfg = Release|Any CPU
		{80CCF59F-55F7-4656-99AB-31CE33A2DB0F}.Release|Any CPU.Build.0 = Release|Any CPU
	EndGlobalSection
	GlobalSection(SolutionProperties) = preSolution
		HideSolutionNode = FALSE
	EndGlobalSection
	GlobalSection(ExtensibilityGlobals) = postSolution
		SolutionGuid = {E3BC0B57-F1E7-4982-856A-2935FBB52744}
	EndGlobalSection
EndGlobal
