
Microsoft Visual Studio Solution File, Format Version 12.00
# Visual Studio Version 16
VisualStudioVersion = 16.0.29503.13
MinimumVisualStudioVersion = 10.0.40219.1
Project("{FAE04EC0-301F-11D3-BF4B-00C04F79EFBC}") = "01_StringManipulator", "01_StringManipulator\01_StringManipulator.csproj", "{75427AD1-E382-4E92-9373-466739A13CAF}"
EndProject
Project("{FAE04EC0-301F-11D3-BF4B-00C04F79EFBC}") = "02_MessageEncrypter", "02_MessageEncrypter\02_MessageEncrypter.csproj", "{B7E43396-98F7-400B-889C-C22B24EF7019}"
EndProject
Project("{FAE04EC0-301F-11D3-BF4B-00C04F79EFBC}") = "03_BattleManager", "03_BattleManager\03_BattleManager.csproj", "{FFCDE80C-B975-4478-B33A-536EBEC56DCA}"
EndProject
Global
	GlobalSection(SolutionConfigurationPlatforms) = preSolution
		Debug|Any CPU = Debug|Any CPU
		Release|Any CPU = Release|Any CPU
	EndGlobalSection
	GlobalSection(ProjectConfigurationPlatforms) = postSolution
		{75427AD1-E382-4E92-9373-466739A13CAF}.Debug|Any CPU.ActiveCfg = Debug|Any CPU
		{75427AD1-E382-4E92-9373-466739A13CAF}.Debug|Any CPU.Build.0 = Debug|Any CPU
		{75427AD1-E382-4E92-9373-466739A13CAF}.Release|Any CPU.ActiveCfg = Release|Any CPU
		{75427AD1-E382-4E92-9373-466739A13CAF}.Release|Any CPU.Build.0 = Release|Any CPU
		{B7E43396-98F7-400B-889C-C22B24EF7019}.Debug|Any CPU.ActiveCfg = Debug|Any CPU
		{B7E43396-98F7-400B-889C-C22B24EF7019}.Debug|Any CPU.Build.0 = Debug|Any CPU
		{B7E43396-98F7-400B-889C-C22B24EF7019}.Release|Any CPU.ActiveCfg = Release|Any CPU
		{B7E43396-98F7-400B-889C-C22B24EF7019}.Release|Any CPU.Build.0 = Release|Any CPU
		{FFCDE80C-B975-4478-B33A-536EBEC56DCA}.Debug|Any CPU.ActiveCfg = Debug|Any CPU
		{FFCDE80C-B975-4478-B33A-536EBEC56DCA}.Debug|Any CPU.Build.0 = Debug|Any CPU
		{FFCDE80C-B975-4478-B33A-536EBEC56DCA}.Release|Any CPU.ActiveCfg = Release|Any CPU
		{FFCDE80C-B975-4478-B33A-536EBEC56DCA}.Release|Any CPU.Build.0 = Release|Any CPU
	EndGlobalSection
	GlobalSection(SolutionProperties) = preSolution
		HideSolutionNode = FALSE
	EndGlobalSection
	GlobalSection(ExtensibilityGlobals) = postSolution
		SolutionGuid = {A2BA0CE1-D97A-42E2-9BA9-0F017FCD7A05}
	EndGlobalSection
EndGlobal
