
Microsoft Visual Studio Solution File, Format Version 12.00
# Visual Studio Version 16
VisualStudioVersion = 16.0.29503.13
MinimumVisualStudioVersion = 10.0.40219.1
Project("{9A19103F-16F7-4668-BE54-9A1E7A4F7556}") = "01_Furniture", "01_\01_Furniture.csproj", "{93FA90FC-04CE-4352-BB97-88DBE92F6107}"
EndProject
Project("{9A19103F-16F7-4668-BE54-9A1E7A4F7556}") = "02_Race", "02_Race\02_Race.csproj", "{1FB11891-F99B-4B92-8739-EFFE1DA1B743}"
EndProject
Project("{9A19103F-16F7-4668-BE54-9A1E7A4F7556}") = "03_SoftUniBarIncome", "03_SoftUniBarIncome\03_SoftUniBarIncome.csproj", "{AFF587E7-924A-40AF-983A-E9497277272C}"
EndProject
Project("{9A19103F-16F7-4668-BE54-9A1E7A4F7556}") = "04_StarEnigma", "04_StarEnigma\04_StarEnigma.csproj", "{4ACEDAA9-226F-4C79-BBF4-3CFEFA7DFE6B}"
EndProject
Project("{FAE04EC0-301F-11D3-BF4B-00C04F79EFBC}") = "05_NetherRealms", "05_NetherRealms\05_NetherRealms.csproj", "{6DFF2F4F-77D8-4E5D-8148-13EFB03D4C5E}"
EndProject
Global
	GlobalSection(SolutionConfigurationPlatforms) = preSolution
		Debug|Any CPU = Debug|Any CPU
		Release|Any CPU = Release|Any CPU
	EndGlobalSection
	GlobalSection(ProjectConfigurationPlatforms) = postSolution
		{93FA90FC-04CE-4352-BB97-88DBE92F6107}.Debug|Any CPU.ActiveCfg = Debug|Any CPU
		{93FA90FC-04CE-4352-BB97-88DBE92F6107}.Debug|Any CPU.Build.0 = Debug|Any CPU
		{93FA90FC-04CE-4352-BB97-88DBE92F6107}.Release|Any CPU.ActiveCfg = Release|Any CPU
		{93FA90FC-04CE-4352-BB97-88DBE92F6107}.Release|Any CPU.Build.0 = Release|Any CPU
		{1FB11891-F99B-4B92-8739-EFFE1DA1B743}.Debug|Any CPU.ActiveCfg = Debug|Any CPU
		{1FB11891-F99B-4B92-8739-EFFE1DA1B743}.Debug|Any CPU.Build.0 = Debug|Any CPU
		{1FB11891-F99B-4B92-8739-EFFE1DA1B743}.Release|Any CPU.ActiveCfg = Release|Any CPU
		{1FB11891-F99B-4B92-8739-EFFE1DA1B743}.Release|Any CPU.Build.0 = Release|Any CPU
		{AFF587E7-924A-40AF-983A-E9497277272C}.Debug|Any CPU.ActiveCfg = Debug|Any CPU
		{AFF587E7-924A-40AF-983A-E9497277272C}.Debug|Any CPU.Build.0 = Debug|Any CPU
		{AFF587E7-924A-40AF-983A-E9497277272C}.Release|Any CPU.ActiveCfg = Release|Any CPU
		{AFF587E7-924A-40AF-983A-E9497277272C}.Release|Any CPU.Build.0 = Release|Any CPU
		{4ACEDAA9-226F-4C79-BBF4-3CFEFA7DFE6B}.Debug|Any CPU.ActiveCfg = Debug|Any CPU
		{4ACEDAA9-226F-4C79-BBF4-3CFEFA7DFE6B}.Debug|Any CPU.Build.0 = Debug|Any CPU
		{4ACEDAA9-226F-4C79-BBF4-3CFEFA7DFE6B}.Release|Any CPU.ActiveCfg = Release|Any CPU
		{4ACEDAA9-226F-4C79-BBF4-3CFEFA7DFE6B}.Release|Any CPU.Build.0 = Release|Any CPU
		{6DFF2F4F-77D8-4E5D-8148-13EFB03D4C5E}.Debug|Any CPU.ActiveCfg = Debug|Any CPU
		{6DFF2F4F-77D8-4E5D-8148-13EFB03D4C5E}.Debug|Any CPU.Build.0 = Debug|Any CPU
		{6DFF2F4F-77D8-4E5D-8148-13EFB03D4C5E}.Release|Any CPU.ActiveCfg = Release|Any CPU
		{6DFF2F4F-77D8-4E5D-8148-13EFB03D4C5E}.Release|Any CPU.Build.0 = Release|Any CPU
	EndGlobalSection
	GlobalSection(SolutionProperties) = preSolution
		HideSolutionNode = FALSE
	EndGlobalSection
	GlobalSection(ExtensibilityGlobals) = postSolution
		SolutionGuid = {2E816171-F3D1-4FA8-86FC-54279C85F2C1}
	EndGlobalSection
EndGlobal
