
Microsoft Visual Studio Solution File, Format Version 12.00
# Visual Studio Version 16
VisualStudioVersion = 16.0.29503.13
MinimumVisualStudioVersion = 10.0.40219.1
Project("{9A19103F-16F7-4668-BE54-9A1E7A4F7556}") = "Demo", "Demo\Demo.csproj", "{45F176E2-B511-4686-8273-A45F7FD1DC2D}"
EndProject
Project("{FAE04EC0-301F-11D3-BF4B-00C04F79EFBC}") = "01_ CountRealNumbers", "01_ CountRealNumbers\01_ CountRealNumbers.csproj", "{FCD8C3C9-50DF-4F9D-BD06-15B6A49E61E5}"
EndProject
Project("{FAE04EC0-301F-11D3-BF4B-00C04F79EFBC}") = "02_OddOccurrences", "02_OddOccurrences\02_OddOccurrences.csproj", "{3382FA2F-79A4-4210-91D4-2DEFCCFD449F}"
EndProject
Project("{FAE04EC0-301F-11D3-BF4B-00C04F79EFBC}") = "03_WordSynonyms", "03_WordSynonyms\03_WordSynonyms.csproj", "{7948C8B7-2E01-40C1-96F4-90EF5C43A111}"
EndProject
Project("{FAE04EC0-301F-11D3-BF4B-00C04F79EFBC}") = "04_4. LargestТhrееNumbers", "04_4. LargestТхрееNumbers\04_4. LargestТhrееNumbers.csproj", "{C53C0548-8075-4345-8AA2-7186AA7D4123}"
EndProject
Project("{FAE04EC0-301F-11D3-BF4B-00C04F79EFBC}") = "05_WordFilter", "05_WordFilter\05_WordFilter.csproj", "{12305855-F9D0-43D6-94E7-D50BD60CADA5}"
EndProject
Global
	GlobalSection(SolutionConfigurationPlatforms) = preSolution
		Debug|Any CPU = Debug|Any CPU
		Release|Any CPU = Release|Any CPU
	EndGlobalSection
	GlobalSection(ProjectConfigurationPlatforms) = postSolution
		{45F176E2-B511-4686-8273-A45F7FD1DC2D}.Debug|Any CPU.ActiveCfg = Debug|Any CPU
		{45F176E2-B511-4686-8273-A45F7FD1DC2D}.Debug|Any CPU.Build.0 = Debug|Any CPU
		{45F176E2-B511-4686-8273-A45F7FD1DC2D}.Release|Any CPU.ActiveCfg = Release|Any CPU
		{45F176E2-B511-4686-8273-A45F7FD1DC2D}.Release|Any CPU.Build.0 = Release|Any CPU
		{FCD8C3C9-50DF-4F9D-BD06-15B6A49E61E5}.Debug|Any CPU.ActiveCfg = Debug|Any CPU
		{FCD8C3C9-50DF-4F9D-BD06-15B6A49E61E5}.Debug|Any CPU.Build.0 = Debug|Any CPU
		{FCD8C3C9-50DF-4F9D-BD06-15B6A49E61E5}.Release|Any CPU.ActiveCfg = Release|Any CPU
		{FCD8C3C9-50DF-4F9D-BD06-15B6A49E61E5}.Release|Any CPU.Build.0 = Release|Any CPU
		{3382FA2F-79A4-4210-91D4-2DEFCCFD449F}.Debug|Any CPU.ActiveCfg = Debug|Any CPU
		{3382FA2F-79A4-4210-91D4-2DEFCCFD449F}.Debug|Any CPU.Build.0 = Debug|Any CPU
		{3382FA2F-79A4-4210-91D4-2DEFCCFD449F}.Release|Any CPU.ActiveCfg = Release|Any CPU
		{3382FA2F-79A4-4210-91D4-2DEFCCFD449F}.Release|Any CPU.Build.0 = Release|Any CPU
		{7948C8B7-2E01-40C1-96F4-90EF5C43A111}.Debug|Any CPU.ActiveCfg = Debug|Any CPU
		{7948C8B7-2E01-40C1-96F4-90EF5C43A111}.Debug|Any CPU.Build.0 = Debug|Any CPU
		{7948C8B7-2E01-40C1-96F4-90EF5C43A111}.Release|Any CPU.ActiveCfg = Release|Any CPU
		{7948C8B7-2E01-40C1-96F4-90EF5C43A111}.Release|Any CPU.Build.0 = Release|Any CPU
		{C53C0548-8075-4345-8AA2-7186AA7D4123}.Debug|Any CPU.ActiveCfg = Debug|Any CPU
		{C53C0548-8075-4345-8AA2-7186AA7D4123}.Debug|Any CPU.Build.0 = Debug|Any CPU
		{C53C0548-8075-4345-8AA2-7186AA7D4123}.Release|Any CPU.ActiveCfg = Release|Any CPU
		{C53C0548-8075-4345-8AA2-7186AA7D4123}.Release|Any CPU.Build.0 = Release|Any CPU
		{12305855-F9D0-43D6-94E7-D50BD60CADA5}.Debug|Any CPU.ActiveCfg = Debug|Any CPU
		{12305855-F9D0-43D6-94E7-D50BD60CADA5}.Debug|Any CPU.Build.0 = Debug|Any CPU
		{12305855-F9D0-43D6-94E7-D50BD60CADA5}.Release|Any CPU.ActiveCfg = Release|Any CPU
		{12305855-F9D0-43D6-94E7-D50BD60CADA5}.Release|Any CPU.Build.0 = Release|Any CPU
	EndGlobalSection
	GlobalSection(SolutionProperties) = preSolution
		HideSolutionNode = FALSE
	EndGlobalSection
	GlobalSection(ExtensibilityGlobals) = postSolution
		SolutionGuid = {0C619881-757B-44D4-9AF7-836411BF22C4}
	EndGlobalSection
EndGlobal
