
Microsoft Visual Studio Solution File, Format Version 12.00
# Visual Studio Version 16
VisualStudioVersion = 16.0.29503.13
MinimumVisualStudioVersion = 10.0.40219.1
Project("{9A19103F-16F7-4668-BE54-9A1E7A4F7556}") = "RobotService", "..\robot\RobotService.csproj", "{FE29B025-A0B6-4529-B1A0-9AABDC02948B}"
EndProject
Global
	GlobalSection(SolutionConfigurationPlatforms) = preSolution
		Debug|Any CPU = Debug|Any CPU
		Release|Any CPU = Release|Any CPU
	EndGlobalSection
	GlobalSection(ProjectConfigurationPlatforms) = postSolution
		{FE29B025-A0B6-4529-B1A0-9AABDC02948B}.Debug|Any CPU.ActiveCfg = Debug|Any CPU
		{FE29B025-A0B6-4529-B1A0-9AABDC02948B}.Debug|Any CPU.Build.0 = Debug|Any CPU
		{FE29B025-A0B6-4529-B1A0-9AABDC02948B}.Release|Any CPU.ActiveCfg = Release|Any CPU
		{FE29B025-A0B6-4529-B1A0-9AABDC02948B}.Release|Any CPU.Build.0 = Release|Any CPU
	EndGlobalSection
	GlobalSection(SolutionProperties) = preSolution
		HideSolutionNode = FALSE
	EndGlobalSection
	GlobalSection(ExtensibilityGlobals) = postSolution
		SolutionGuid = {1119B91B-8691-484A-AF00-6182C5FB34E1}
	EndGlobalSection
EndGlobal
