
Microsoft Visual Studio Solution File, Format Version 12.00
# Visual Studio Version 16
VisualStudioVersion = 16.0.29503.13
MinimumVisualStudioVersion = 10.0.40219.1
Project("{FAE04EC0-301F-11D3-BF4B-00C04F79EFBC}") = "Demo", "Demo\Demo.csproj", "{50D9CF0D-2834-4E72-9F91-DFD5F7DEED5C}"
EndProject
Global
	GlobalSection(SolutionConfigurationPlatforms) = preSolution
		Debug|Any CPU = Debug|Any CPU
		Release|Any CPU = Release|Any CPU
	EndGlobalSection
	GlobalSection(ProjectConfigurationPlatforms) = postSolution
		{50D9CF0D-2834-4E72-9F91-DFD5F7DEED5C}.Debug|Any CPU.ActiveCfg = Debug|Any CPU
		{50D9CF0D-2834-4E72-9F91-DFD5F7DEED5C}.Debug|Any CPU.Build.0 = Debug|Any CPU
		{50D9CF0D-2834-4E72-9F91-DFD5F7DEED5C}.Release|Any CPU.ActiveCfg = Release|Any CPU
		{50D9CF0D-2834-4E72-9F91-DFD5F7DEED5C}.Release|Any CPU.Build.0 = Release|Any CPU
	EndGlobalSection
	GlobalSection(SolutionProperties) = preSolution
		HideSolutionNode = FALSE
	EndGlobalSection
	GlobalSection(ExtensibilityGlobals) = postSolution
		SolutionGuid = {5A6BC7E1-5865-4350-B360-997DD5D0CE47}
	EndGlobalSection
EndGlobal
